
Microsoft Visual Studio Solution File, Format Version 12.00
# Visual Studio 15
VisualStudioVersion = 15.0.27703.1
MinimumVisualStudioVersion = 10.0.40219.1
Project("{888888A0-9F3D-457C-B088-3A5042F75D52}") = "NBA_Thesis", "NBA_Thesis\NBA_Thesis.pyproj", "{A3ED89E6-A773-4487-906D-775B88A9DE65}"
EndProject
Global
	GlobalSection(SolutionConfigurationPlatforms) = preSolution
		Debug|Any CPU = Debug|Any CPU
		Release|Any CPU = Release|Any CPU
	EndGlobalSection
	GlobalSection(ProjectConfigurationPlatforms) = postSolution
		{A3ED89E6-A773-4487-906D-775B88A9DE65}.Debug|Any CPU.ActiveCfg = Debug|Any CPU
		{A3ED89E6-A773-4487-906D-775B88A9DE65}.Debug|Any CPU.Build.0 = Debug|Any CPU
		{A3ED89E6-A773-4487-906D-775B88A9DE65}.Release|Any CPU.ActiveCfg = Release|Any CPU
		{A3ED89E6-A773-4487-906D-775B88A9DE65}.Release|Any CPU.Build.0 = Release|Any CPU
	EndGlobalSection
	GlobalSection(SolutionProperties) = preSolution
		HideSolutionNode = FALSE
	EndGlobalSection
	GlobalSection(ExtensibilityGlobals) = postSolution
		SolutionGuid = {9E7B045F-C6E2-42FB-ACCD-B0F3BD7F4EFF}
	EndGlobalSection
EndGlobal
